// !$*UTF8*$!
{
	archiveVersion = 1;
	classes = {
	};
	objectVersion = 55;
	objects = {

/* Begin PBXBuildFile section */
		F67D812D282F7E8300D6AC9F /* MTCoffeeMastersApp.swift in Sources */ = {isa = PBXBuildFile; fileRef = F67D812C282F7E8300D6AC9F /* MTCoffeeMastersApp.swift */; };
		F67D812F282F7E8300D6AC9F /* ContentView.swift in Sources */ = {isa = PBXBuildFile; fileRef = F67D812E282F7E8300D6AC9F /* ContentView.swift */; };
		F67D8131282F7E8500D6AC9F /* Assets.xcassets in Resources */ = {isa = PBXBuildFile; fileRef = F67D8130282F7E8500D6AC9F /* Assets.xcassets */; };
		F67D8134282F7E8500D6AC9F /* Preview Assets.xcassets in Resources */ = {isa = PBXBuildFile; fileRef = F67D8133282F7E8500D6AC9F /* Preview Assets.xcassets */; };
		F67D813B282FEBAC00D6AC9F /* Offer.swift in Sources */ = {isa = PBXBuildFile; fileRef = F67D813A282FEBAC00D6AC9F /* Offer.swift */; };
		F67D813D28370F1D00D6AC9F /* OffersPage.swift in Sources */ = {isa = PBXBuildFile; fileRef = F67D813C28370F1D00D6AC9F /* OffersPage.swift */; };
		F6827C7528383DAD00816C8F /* AppTitle.swift in Sources */ = {isa = PBXBuildFile; fileRef = F6827C7428383DAD00816C8F /* AppTitle.swift */; };
		F6827C7A2838C54900816C8F /* MenuPage.swift in Sources */ = {isa = PBXBuildFile; fileRef = F6827C792838C54900816C8F /* MenuPage.swift */; };
		F6827C7C2838C55F00816C8F /* OrdersPage.swift in Sources */ = {isa = PBXBuildFile; fileRef = F6827C7B2838C55F00816C8F /* OrdersPage.swift */; };
		F6827C7E2838C56F00816C8F /* DetailsPage.swift in Sources */ = {isa = PBXBuildFile; fileRef = F6827C7D2838C56F00816C8F /* DetailsPage.swift */; };
		F6827C802838C58400816C8F /* InfoPage.swift in Sources */ = {isa = PBXBuildFile; fileRef = F6827C7F2838C58300816C8F /* InfoPage.swift */; };
		F6827C822838C63600816C8F /* ProductItem.swift in Sources */ = {isa = PBXBuildFile; fileRef = F6827C812838C63600816C8F /* ProductItem.swift */; };
		F6827C842838F7D000816C8F /* Product.swift in Sources */ = {isa = PBXBuildFile; fileRef = F6827C832838F7D000816C8F /* Product.swift */; };
		F6827C862838F7EA00816C8F /* Category.swift in Sources */ = {isa = PBXBuildFile; fileRef = F6827C852838F7EA00816C8F /* Category.swift */; };
		F6827C882838F7F800816C8F /* MenuManager.swift in Sources */ = {isa = PBXBuildFile; fileRef = F6827C872838F7F800816C8F /* MenuManager.swift */; };
		F6827C8A2838F81400816C8F /* CartManager.swift in Sources */ = {isa = PBXBuildFile; fileRef = F6827C892838F81400816C8F /* CartManager.swift */; };
		F6827C8C2839001100816C8F /* OrderItem.swift in Sources */ = {isa = PBXBuildFile; fileRef = F6827C8B2839001100816C8F /* OrderItem.swift */; };
		F6827C8F2839091200816C8F /* Alamofire in Frameworks */ = {isa = PBXBuildFile; productRef = F6827C8E2839091200816C8F /* Alamofire */; };
/* End PBXBuildFile section */

/* Begin PBXFileReference section */
		F67D8129282F7E8300D6AC9F /* MTCoffeeMasters.app */ = {isa = PBXFileReference; explicitFileType = wrapper.application; includeInIndex = 0; path = MTCoffeeMasters.app; sourceTree = BUILT_PRODUCTS_DIR; };
		F67D812C282F7E8300D6AC9F /* MTCoffeeMastersApp.swift */ = {isa = PBXFileReference; lastKnownFileType = sourcecode.swift; path = MTCoffeeMastersApp.swift; sourceTree = "<group>"; };
		F67D812E282F7E8300D6AC9F /* ContentView.swift */ = {isa = PBXFileReference; lastKnownFileType = sourcecode.swift; path = ContentView.swift; sourceTree = "<group>"; };
		F67D8130282F7E8500D6AC9F /* Assets.xcassets */ = {isa = PBXFileReference; lastKnownFileType = folder.assetcatalog; path = Assets.xcassets; sourceTree = "<group>"; };
		F67D8133282F7E8500D6AC9F /* Preview Assets.xcassets */ = {isa = PBXFileReference; lastKnownFileType = folder.assetcatalog; path = "Preview Assets.xcassets"; sourceTree = "<group>"; };
		F67D813A282FEBAC00D6AC9F /* Offer.swift */ = {isa = PBXFileReference; lastKnownFileType = sourcecode.swift; path = Offer.swift; sourceTree = "<group>"; };
		F67D813C28370F1D00D6AC9F /* OffersPage.swift */ = {isa = PBXFileReference; lastKnownFileType = sourcecode.swift; path = OffersPage.swift; sourceTree = "<group>"; };
		F6827C7428383DAD00816C8F /* AppTitle.swift */ = {isa = PBXFileReference; lastKnownFileType = sourcecode.swift; path = AppTitle.swift; sourceTree = "<group>"; };
		F6827C792838C54900816C8F /* MenuPage.swift */ = {isa = PBXFileReference; lastKnownFileType = sourcecode.swift; path = MenuPage.swift; sourceTree = "<group>"; };
		F6827C7B2838C55F00816C8F /* OrdersPage.swift */ = {isa = PBXFileReference; lastKnownFileType = sourcecode.swift; path = OrdersPage.swift; sourceTree = "<group>"; };
		F6827C7D2838C56F00816C8F /* DetailsPage.swift */ = {isa = PBXFileReference; lastKnownFileType = sourcecode.swift; path = DetailsPage.swift; sourceTree = "<group>"; };
		F6827C7F2838C58300816C8F /* InfoPage.swift */ = {isa = PBXFileReference; lastKnownFileType = sourcecode.swift; path = InfoPage.swift; sourceTree = "<group>"; };
		F6827C812838C63600816C8F /* ProductItem.swift */ = {isa = PBXFileReference; lastKnownFileType = sourcecode.swift; path = ProductItem.swift; sourceTree = "<group>"; };
		F6827C832838F7D000816C8F /* Product.swift */ = {isa = PBXFileReference; lastKnownFileType = sourcecode.swift; path = Product.swift; sourceTree = "<group>"; };
		F6827C852838F7EA00816C8F /* Category.swift */ = {isa = PBXFileReference; lastKnownFileType = sourcecode.swift; path = Category.swift; sourceTree = "<group>"; };
		F6827C872838F7F800816C8F /* MenuManager.swift */ = {isa = PBXFileReference; lastKnownFileType = sourcecode.swift; path = MenuManager.swift; sourceTree = "<group>"; };
		F6827C892838F81400816C8F /* CartManager.swift */ = {isa = PBXFileReference; lastKnownFileType = sourcecode.swift; path = CartManager.swift; sourceTree = "<group>"; };
		F6827C8B2839001100816C8F /* OrderItem.swift */ = {isa = PBXFileReference; lastKnownFileType = sourcecode.swift; path = OrderItem.swift; sourceTree = "<group>"; };
/* End PBXFileReference section */

/* Begin PBXFrameworksBuildPhase section */
		F67D8126282F7E8300D6AC9F /* Frameworks */ = {
			isa = PBXFrameworksBuildPhase;
			buildActionMask = 2147483647;
			files = (
				F6827C8F2839091200816C8F /* Alamofire in Frameworks */,
			);
			runOnlyForDeploymentPostprocessing = 0;
		};
/* End PBXFrameworksBuildPhase section */

/* Begin PBXGroup section */
		F67D8120282F7E8300D6AC9F = {
			isa = PBXGroup;
			children = (
				F67D812B282F7E8300D6AC9F /* MTCoffeeMasters */,
				F67D812A282F7E8300D6AC9F /* Products */,
			);
			sourceTree = "<group>";
		};
		F67D812A282F7E8300D6AC9F /* Products */ = {
			isa = PBXGroup;
			children = (
				F67D8129282F7E8300D6AC9F /* MTCoffeeMasters.app */,
			);
			name = Products;
			sourceTree = "<group>";
		};
		F67D812B282F7E8300D6AC9F /* MTCoffeeMasters */ = {
			isa = PBXGroup;
			children = (
				F6827C782838C4F000816C8F /* Model */,
				F6827C772838C4E900816C8F /* Views */,
				F6827C762838C4CF00816C8F /* Page Views */,
				F67D812C282F7E8300D6AC9F /* MTCoffeeMastersApp.swift */,
				F67D812E282F7E8300D6AC9F /* ContentView.swift */,
				F6827C7428383DAD00816C8F /* AppTitle.swift */,
				F67D8130282F7E8500D6AC9F /* Assets.xcassets */,
				F67D8132282F7E8500D6AC9F /* Preview Content */,
			);
			path = MTCoffeeMasters;
			sourceTree = "<group>";
		};
		F67D8132282F7E8500D6AC9F /* Preview Content */ = {
			isa = PBXGroup;
			children = (
				F67D8133282F7E8500D6AC9F /* Preview Assets.xcassets */,
			);
			path = "Preview Content";
			sourceTree = "<group>";
		};
		F6827C762838C4CF00816C8F /* Page Views */ = {
			isa = PBXGroup;
			children = (
				F67D813C28370F1D00D6AC9F /* OffersPage.swift */,
				F6827C792838C54900816C8F /* MenuPage.swift */,
				F6827C7B2838C55F00816C8F /* OrdersPage.swift */,
				F6827C7D2838C56F00816C8F /* DetailsPage.swift */,
				F6827C7F2838C58300816C8F /* InfoPage.swift */,
			);
			path = "Page Views";
			sourceTree = "<group>";
		};
		F6827C772838C4E900816C8F /* Views */ = {
			isa = PBXGroup;
			children = (
				F67D813A282FEBAC00D6AC9F /* Offer.swift */,
				F6827C812838C63600816C8F /* ProductItem.swift */,
				F6827C8B2839001100816C8F /* OrderItem.swift */,
			);
			path = Views;
			sourceTree = "<group>";
		};
		F6827C782838C4F000816C8F /* Model */ = {
			isa = PBXGroup;
			children = (
				F6827C832838F7D000816C8F /* Product.swift */,
				F6827C852838F7EA00816C8F /* Category.swift */,
				F6827C872838F7F800816C8F /* MenuManager.swift */,
				F6827C892838F81400816C8F /* CartManager.swift */,
			);
			path = Model;
			sourceTree = "<group>";
		};
/* End PBXGroup section */

/* Begin PBXNativeTarget section */
		F67D8128282F7E8300D6AC9F /* MTCoffeeMasters */ = {
			isa = PBXNativeTarget;
			buildConfigurationList = F67D8137282F7E8500D6AC9F /* Build configuration list for PBXNativeTarget "MTCoffeeMasters" */;
			buildPhases = (
				F67D8125282F7E8300D6AC9F /* Sources */,
				F67D8126282F7E8300D6AC9F /* Frameworks */,
				F67D8127282F7E8300D6AC9F /* Resources */,
			);
			buildRules = (
			);
			dependencies = (
			);
			name = MTCoffeeMasters;
			packageProductDependencies = (
				F6827C8E2839091200816C8F /* Alamofire */,
			);
			productName = MTCoffeeMasters;
			productReference = F67D8129282F7E8300D6AC9F /* MTCoffeeMasters.app */;
			productType = "com.apple.product-type.application";
		};
/* End PBXNativeTarget section */

/* Begin PBXProject section */
		F67D8121282F7E8300D6AC9F /* Project object */ = {
			isa = PBXProject;
			attributes = {
				BuildIndependentTargetsInParallel = 1;
				LastSwiftUpdateCheck = 1330;
				LastUpgradeCheck = 1330;
				TargetAttributes = {
					F67D8128282F7E8300D6AC9F = {
						CreatedOnToolsVersion = 13.3.1;
					};
				};
			};
			buildConfigurationList = F67D8124282F7E8300D6AC9F /* Build configuration list for PBXProject "MTCoffeeMasters" */;
			compatibilityVersion = "Xcode 13.0";
			developmentRegion = en;
			hasScannedForEncodings = 0;
			knownRegions = (
				en,
				Base,
			);
			mainGroup = F67D8120282F7E8300D6AC9F;
			packageReferences = (
				F6827C8D2839091200816C8F /* XCRemoteSwiftPackageReference "Alamofire" */,
			);
			productRefGroup = F67D812A282F7E8300D6AC9F /* Products */;
			projectDirPath = "";
			projectRoot = "";
			targets = (
				F67D8128282F7E8300D6AC9F /* MTCoffeeMasters */,
			);
		};
/* End PBXProject section */

/* Begin PBXResourcesBuildPhase section */
		F67D8127282F7E8300D6AC9F /* Resources */ = {
			isa = PBXResourcesBuildPhase;
			buildActionMask = 2147483647;
			files = (
				F67D8134282F7E8500D6AC9F /* Preview Assets.xcassets in Resources */,
				F67D8131282F7E8500D6AC9F /* Assets.xcassets in Resources */,
			);
			runOnlyForDeploymentPostprocessing = 0;
		};
/* End PBXResourcesBuildPhase section */

/* Begin PBXSourcesBuildPhase section */
		F67D8125282F7E8300D6AC9F /* Sources */ = {
			isa = PBXSourcesBuildPhase;
			buildActionMask = 2147483647;
			files = (
				F67D813B282FEBAC00D6AC9F /* Offer.swift in Sources */,
				F67D813D28370F1D00D6AC9F /* OffersPage.swift in Sources */,
				F6827C8C2839001100816C8F /* OrderItem.swift in Sources */,
				F6827C822838C63600816C8F /* ProductItem.swift in Sources */,
				F67D812F282F7E8300D6AC9F /* ContentView.swift in Sources */,
				F6827C7C2838C55F00816C8F /* OrdersPage.swift in Sources */,
				F6827C882838F7F800816C8F /* MenuManager.swift in Sources */,
				F6827C842838F7D000816C8F /* Product.swift in Sources */,
				F67D812D282F7E8300D6AC9F /* MTCoffeeMastersApp.swift in Sources */,
				F6827C7528383DAD00816C8F /* AppTitle.swift in Sources */,
				F6827C8A2838F81400816C8F /* CartManager.swift in Sources */,
				F6827C7A2838C54900816C8F /* MenuPage.swift in Sources */,
				F6827C7E2838C56F00816C8F /* DetailsPage.swift in Sources */,
				F6827C802838C58400816C8F /* InfoPage.swift in Sources */,
				F6827C862838F7EA00816C8F /* Category.swift in Sources */,
			);
			runOnlyForDeploymentPostprocessing = 0;
		};
/* End PBXSourcesBuildPhase section */

/* Begin XCBuildConfiguration section */
		F67D8135282F7E8500D6AC9F /* Debug */ = {
			isa = XCBuildConfiguration;
			buildSettings = {
				ALWAYS_SEARCH_USER_PATHS = NO;
				CLANG_ANALYZER_NONNULL = YES;
				CLANG_ANALYZER_NUMBER_OBJECT_CONVERSION = YES_AGGRESSIVE;
				CLANG_CXX_LANGUAGE_STANDARD = "gnu++17";
				CLANG_ENABLE_MODULES = YES;
				CLANG_ENABLE_OBJC_ARC = YES;
				CLANG_ENABLE_OBJC_WEAK = YES;
				CLANG_WARN_BLOCK_CAPTURE_AUTORELEASING = YES;
				CLANG_WARN_BOOL_CONVERSION = YES;
				CLANG_WARN_COMMA = YES;
				CLANG_WARN_CONSTANT_CONVERSION = YES;
				CLANG_WARN_DEPRECATED_OBJC_IMPLEMENTATIONS = YES;
				CLANG_WARN_DIRECT_OBJC_ISA_USAGE = YES_ERROR;
				CLANG_WARN_DOCUMENTATION_COMMENTS = YES;
				CLANG_WARN_EMPTY_BODY = YES;
				CLANG_WARN_ENUM_CONVERSION = YES;
				CLANG_WARN_INFINITE_RECURSION = YES;
				CLANG_WARN_INT_CONVERSION = YES;
				CLANG_WARN_NON_LITERAL_NULL_CONVERSION = YES;
				CLANG_WARN_OBJC_IMPLICIT_RETAIN_SELF = YES;
				CLANG_WARN_OBJC_LITERAL_CONVERSION = YES;
				CLANG_WARN_OBJC_ROOT_CLASS = YES_ERROR;
				CLANG_WARN_QUOTED_INCLUDE_IN_FRAMEWORK_HEADER = YES;
				CLANG_WARN_RANGE_LOOP_ANALYSIS = YES;
				CLANG_WARN_STRICT_PROTOTYPES = YES;
				CLANG_WARN_SUSPICIOUS_MOVE = YES;
				CLANG_WARN_UNGUARDED_AVAILABILITY = YES_AGGRESSIVE;
				CLANG_WARN_UNREACHABLE_CODE = YES;
				CLANG_WARN__DUPLICATE_METHOD_MATCH = YES;
				COPY_PHASE_STRIP = NO;
				DEBUG_INFORMATION_FORMAT = dwarf;
				ENABLE_STRICT_OBJC_MSGSEND = YES;
				ENABLE_TESTABILITY = YES;
				GCC_C_LANGUAGE_STANDARD = gnu11;
				GCC_DYNAMIC_NO_PIC = NO;
				GCC_NO_COMMON_BLOCKS = YES;
				GCC_OPTIMIZATION_LEVEL = 0;
				GCC_PREPROCESSOR_DEFINITIONS = (
					"DEBUG=1",
					"$(inherited)",
				);
				GCC_WARN_64_TO_32_BIT_CONVERSION = YES;
				GCC_WARN_ABOUT_RETURN_TYPE = YES_ERROR;
				GCC_WARN_UNDECLARED_SELECTOR = YES;
				GCC_WARN_UNINITIALIZED_AUTOS = YES_AGGRESSIVE;
				GCC_WARN_UNUSED_FUNCTION = YES;
				GCC_WARN_UNUSED_VARIABLE = YES;
				IPHONEOS_DEPLOYMENT_TARGET = 15.4;
				MTL_ENABLE_DEBUG_INFO = INCLUDE_SOURCE;
				MTL_FAST_MATH = YES;
				ONLY_ACTIVE_ARCH = YES;
				SDKROOT = iphoneos;
				SWIFT_ACTIVE_COMPILATION_CONDITIONS = DEBUG;
				SWIFT_OPTIMIZATION_LEVEL = "-Onone";
			};
			name = Debug;
		};
		F67D8136282F7E8500D6AC9F /* Release */ = {
			isa = XCBuildConfiguration;
			buildSettings = {
				ALWAYS_SEARCH_USER_PATHS = NO;
				CLANG_ANALYZER_NONNULL = YES;
				CLANG_ANALYZER_NUMBER_OBJECT_CONVERSION = YES_AGGRESSIVE;
				CLANG_CXX_LANGUAGE_STANDARD = "gnu++17";
				CLANG_ENABLE_MODULES = YES;
				CLANG_ENABLE_OBJC_ARC = YES;
				CLANG_ENABLE_OBJC_WEAK = YES;
				CLANG_WARN_BLOCK_CAPTURE_AUTORELEASING = YES;
				CLANG_WARN_BOOL_CONVERSION = YES;
				CLANG_WARN_COMMA = YES;
				CLANG_WARN_CONSTANT_CONVERSION = YES;
				CLANG_WARN_DEPRECATED_OBJC_IMPLEMENTATIONS = YES;
				CLANG_WARN_DIRECT_OBJC_ISA_USAGE = YES_ERROR;
				CLANG_WARN_DOCUMENTATION_COMMENTS = YES;
				CLANG_WARN_EMPTY_BODY = YES;
				CLANG_WARN_ENUM_CONVERSION = YES;
				CLANG_WARN_INFINITE_RECURSION = YES;
				CLANG_WARN_INT_CONVERSION = YES;
				CLANG_WARN_NON_LITERAL_NULL_CONVERSION = YES;
				CLANG_WARN_OBJC_IMPLICIT_RETAIN_SELF = YES;
				CLANG_WARN_OBJC_LITERAL_CONVERSION = YES;
				CLANG_WARN_OBJC_ROOT_CLASS = YES_ERROR;
				CLANG_WARN_QUOTED_INCLUDE_IN_FRAMEWORK_HEADER = YES;
				CLANG_WARN_RANGE_LOOP_ANALYSIS = YES;
				CLANG_WARN_STRICT_PROTOTYPES = YES;
				CLANG_WARN_SUSPICIOUS_MOVE = YES;
				CLANG_WARN_UNGUARDED_AVAILABILITY = YES_AGGRESSIVE;
				CLANG_WARN_UNREACHABLE_CODE = YES;
				CLANG_WARN__DUPLICATE_METHOD_MATCH = YES;
				COPY_PHASE_STRIP = NO;
				DEBUG_INFORMATION_FORMAT = "dwarf-with-dsym";
				ENABLE_NS_ASSERTIONS = NO;
				ENABLE_STRICT_OBJC_MSGSEND = YES;
				GCC_C_LANGUAGE_STANDARD = gnu11;
				GCC_NO_COMMON_BLOCKS = YES;
				GCC_WARN_64_TO_32_BIT_CONVERSION = YES;
				GCC_WARN_ABOUT_RETURN_TYPE = YES_ERROR;
				GCC_WARN_UNDECLARED_SELECTOR = YES;
				GCC_WARN_UNINITIALIZED_AUTOS = YES_AGGRESSIVE;
				GCC_WARN_UNUSED_FUNCTION = YES;
				GCC_WARN_UNUSED_VARIABLE = YES;
				IPHONEOS_DEPLOYMENT_TARGET = 15.4;
				MTL_ENABLE_DEBUG_INFO = NO;
				MTL_FAST_MATH = YES;
				SDKROOT = iphoneos;
				SWIFT_COMPILATION_MODE = wholemodule;
				SWIFT_OPTIMIZATION_LEVEL = "-O";
				VALIDATE_PRODUCT = YES;
			};
			name = Release;
		};
		F67D8138282F7E8500D6AC9F /* Debug */ = {
			isa = XCBuildConfiguration;
			buildSettings = {
				ASSETCATALOG_COMPILER_APPICON_NAME = AppIcon;
				ASSETCATALOG_COMPILER_GLOBAL_ACCENT_COLOR_NAME = AccentColor;
				CODE_SIGN_STYLE = Automatic;
				CURRENT_PROJECT_VERSION = 1;
				DEVELOPMENT_ASSET_PATHS = "\"MTCoffeeMasters/Preview Content\"";
				DEVELOPMENT_TEAM = B6W3S53VHK;
				ENABLE_PREVIEWS = YES;
				GENERATE_INFOPLIST_FILE = YES;
				INFOPLIST_KEY_UIApplicationSceneManifest_Generation = YES;
				INFOPLIST_KEY_UIApplicationSupportsIndirectInputEvents = YES;
				INFOPLIST_KEY_UILaunchScreen_Generation = YES;
				INFOPLIST_KEY_UISupportedInterfaceOrientations_iPad = "UIInterfaceOrientationPortrait UIInterfaceOrientationPortraitUpsideDown UIInterfaceOrientationLandscapeLeft UIInterfaceOrientationLandscapeRight";
				INFOPLIST_KEY_UISupportedInterfaceOrientations_iPhone = "UIInterfaceOrientationPortrait UIInterfaceOrientationLandscapeLeft UIInterfaceOrientationLandscapeRight";
				LD_RUNPATH_SEARCH_PATHS = (
					"$(inherited)",
					"@executable_path/Frameworks",
				);
				MARKETING_VERSION = 1.0;
				PRODUCT_BUNDLE_IDENTIFIER = com.amit.workshop.MTCoffeeMasters;
				PRODUCT_NAME = "$(TARGET_NAME)";
				SWIFT_EMIT_LOC_STRINGS = YES;
				SWIFT_VERSION = 5.0;
				TARGETED_DEVICE_FAMILY = "1,2";
			};
			name = Debug;
		};
		F67D8139282F7E8500D6AC9F /* Release */ = {
			isa = XCBuildConfiguration;
			buildSettings = {
				ASSETCATALOG_COMPILER_APPICON_NAME = AppIcon;
				ASSETCATALOG_COMPILER_GLOBAL_ACCENT_COLOR_NAME = AccentColor;
				CODE_SIGN_STYLE = Automatic;
				CURRENT_PROJECT_VERSION = 1;
				DEVELOPMENT_ASSET_PATHS = "\"MTCoffeeMasters/Preview Content\"";
				DEVELOPMENT_TEAM = B6W3S53VHK;
				ENABLE_PREVIEWS = YES;
				GENERATE_INFOPLIST_FILE = YES;
				INFOPLIST_KEY_UIApplicationSceneManifest_Generation = YES;
				INFOPLIST_KEY_UIApplicationSupportsIndirectInputEvents = YES;
				INFOPLIST_KEY_UILaunchScreen_Generation = YES;
				INFOPLIST_KEY_UISupportedInterfaceOrientations_iPad = "UIInterfaceOrientationPortrait UIInterfaceOrientationPortraitUpsideDown UIInterfaceOrientationLandscapeLeft UIInterfaceOrientationLandscapeRight";
				INFOPLIST_KEY_UISupportedInterfaceOrientations_iPhone = "UIInterfaceOrientationPortrait UIInterfaceOrientationLandscapeLeft UIInterfaceOrientationLandscapeRight";
				LD_RUNPATH_SEARCH_PATHS = (
					"$(inherited)",
					"@executable_path/Frameworks",
				);
				MARKETING_VERSION = 1.0;
				PRODUCT_BUNDLE_IDENTIFIER = com.amit.workshop.MTCoffeeMasters;
				PRODUCT_NAME = "$(TARGET_NAME)";
				SWIFT_EMIT_LOC_STRINGS = YES;
				SWIFT_VERSION = 5.0;
				TARGETED_DEVICE_FAMILY = "1,2";
			};
			name = Release;
		};
/* End XCBuildConfiguration section */

/* Begin XCConfigurationList section */
		F67D8124282F7E8300D6AC9F /* Build configuration list for PBXProject "MTCoffeeMasters" */ = {
			isa = XCConfigurationList;
			buildConfigurations = (
				F67D8135282F7E8500D6AC9F /* Debug */,
				F67D8136282F7E8500D6AC9F /* Release */,
			);
			defaultConfigurationIsVisible = 0;
			defaultConfigurationName = Release;
		};
		F67D8137282F7E8500D6AC9F /* Build configuration list for PBXNativeTarget "MTCoffeeMasters" */ = {
			isa = XCConfigurationList;
			buildConfigurations = (
				F67D8138282F7E8500D6AC9F /* Debug */,
				F67D8139282F7E8500D6AC9F /* Release */,
			);
			defaultConfigurationIsVisible = 0;
			defaultConfigurationName = Release;
		};
/* End XCConfigurationList section */

/* Begin XCRemoteSwiftPackageReference section */
		F6827C8D2839091200816C8F /* XCRemoteSwiftPackageReference "Alamofire" */ = {
			isa = XCRemoteSwiftPackageReference;
			repositoryURL = "https://github.com/Alamofire/Alamofire.git";
			requirement = {
				kind = upToNextMajorVersion;
				minimumVersion = 5.0.0;
			};
		};
/* End XCRemoteSwiftPackageReference section */

/* Begin XCSwiftPackageProductDependency section */
		F6827C8E2839091200816C8F /* Alamofire */ = {
			isa = XCSwiftPackageProductDependency;
			package = F6827C8D2839091200816C8F /* XCRemoteSwiftPackageReference "Alamofire" */;
			productName = Alamofire;
		};
/* End XCSwiftPackageProductDependency section */
	};
	rootObject = F67D8121282F7E8300D6AC9F /* Project object */;
}
